
Microsoft Visual Studio Solution File, Format Version 12.00
# Visual Studio Version 16
VisualStudioVersion = 16.0.31515.178
MinimumVisualStudioVersion = 10.0.40219.1
Project("{FAE04EC0-301F-11D3-BF4B-00C04F79EFBC}") = "BaseSystem", "BaseSystem\BaseSystem.csproj", "{05C051F2-D47C-41D0-9E27-ECA58C755690}"
EndProject
Project("{FAE04EC0-301F-11D3-BF4B-00C04F79EFBC}") = "tProgram", "tProgram\tProgram.csproj", "{44F3FA2A-831E-45ED-AD05-1CAD7F617863}"
EndProject
Project("{FAE04EC0-301F-11D3-BF4B-00C04F79EFBC}") = "SysService", "SysService\SysService.csproj", "{512D39D8-CA4E-4EDD-9CC9-031239021306}"
EndProject
Project("{FAE04EC0-301F-11D3-BF4B-00C04F79EFBC}") = "CustService", "CustService\CustService.csproj", "{C59FF3B6-CFF3-4A98-8913-80554BBFF629}"
EndProject
Global
	GlobalSection(SolutionConfigurationPlatforms) = preSolution
		Debug|Any CPU = Debug|Any CPU
		Release|Any CPU = Release|Any CPU
	EndGlobalSection
	GlobalSection(ProjectConfigurationPlatforms) = postSolution
		{05C051F2-D47C-41D0-9E27-ECA58C755690}.Debug|Any CPU.ActiveCfg = Debug|Any CPU
		{05C051F2-D47C-41D0-9E27-ECA58C755690}.Debug|Any CPU.Build.0 = Debug|Any CPU
		{05C051F2-D47C-41D0-9E27-ECA58C755690}.Release|Any CPU.ActiveCfg = Release|Any CPU
		{05C051F2-D47C-41D0-9E27-ECA58C755690}.Release|Any CPU.Build.0 = Release|Any CPU
		{44F3FA2A-831E-45ED-AD05-1CAD7F617863}.Debug|Any CPU.ActiveCfg = Debug|Any CPU
		{44F3FA2A-831E-45ED-AD05-1CAD7F617863}.Debug|Any CPU.Build.0 = Debug|Any CPU
		{44F3FA2A-831E-45ED-AD05-1CAD7F617863}.Release|Any CPU.ActiveCfg = Release|Any CPU
		{44F3FA2A-831E-45ED-AD05-1CAD7F617863}.Release|Any CPU.Build.0 = Release|Any CPU
		{512D39D8-CA4E-4EDD-9CC9-031239021306}.Debug|Any CPU.ActiveCfg = Debug|Any CPU
		{512D39D8-CA4E-4EDD-9CC9-031239021306}.Debug|Any CPU.Build.0 = Debug|Any CPU
		{512D39D8-CA4E-4EDD-9CC9-031239021306}.Release|Any CPU.ActiveCfg = Release|Any CPU
		{512D39D8-CA4E-4EDD-9CC9-031239021306}.Release|Any CPU.Build.0 = Release|Any CPU
		{C59FF3B6-CFF3-4A98-8913-80554BBFF629}.Debug|Any CPU.ActiveCfg = Debug|Any CPU
		{C59FF3B6-CFF3-4A98-8913-80554BBFF629}.Debug|Any CPU.Build.0 = Debug|Any CPU
		{C59FF3B6-CFF3-4A98-8913-80554BBFF629}.Release|Any CPU.ActiveCfg = Release|Any CPU
		{C59FF3B6-CFF3-4A98-8913-80554BBFF629}.Release|Any CPU.Build.0 = Release|Any CPU
	EndGlobalSection
	GlobalSection(SolutionProperties) = preSolution
		HideSolutionNode = FALSE
	EndGlobalSection
	GlobalSection(ExtensibilityGlobals) = postSolution
		SolutionGuid = {B87D64E5-0494-49A6-A8C9-87BE81643C8D}
	EndGlobalSection
EndGlobal
